
Microsoft Visual Studio Solution File, Format Version 12.00
# Visual Studio Version 16
VisualStudioVersion = 16.0.30907.101
MinimumVisualStudioVersion = 10.0.40219.1
Project("{FAE04EC0-301F-11D3-BF4B-00C04F79EFBC}") = "WAD.Portfolio.00007417", "WAD.Portfolio.00007417\WAD.Portfolio.00007417.csproj", "{FF00401B-D551-43F5-8466-2DDE5C12C329}"
EndProject
Global
	GlobalSection(SolutionConfigurationPlatforms) = preSolution
		Debug|Any CPU = Debug|Any CPU
		Release|Any CPU = Release|Any CPU
	EndGlobalSection
	GlobalSection(ProjectConfigurationPlatforms) = postSolution
		{FF00401B-D551-43F5-8466-2DDE5C12C329}.Debug|Any CPU.ActiveCfg = Debug|Any CPU
		{FF00401B-D551-43F5-8466-2DDE5C12C329}.Debug|Any CPU.Build.0 = Debug|Any CPU
		{FF00401B-D551-43F5-8466-2DDE5C12C329}.Release|Any CPU.ActiveCfg = Release|Any CPU
		{FF00401B-D551-43F5-8466-2DDE5C12C329}.Release|Any CPU.Build.0 = Release|Any CPU
	EndGlobalSection
	GlobalSection(SolutionProperties) = preSolution
		HideSolutionNode = FALSE
	EndGlobalSection
	GlobalSection(ExtensibilityGlobals) = postSolution
		SolutionGuid = {EF096BE0-D967-47B8-B868-492ECF040AE2}
	EndGlobalSection
EndGlobal
